# THIS IS AN AUTOGENERATED FILE. DO NOT EDIT THIS FILE DIRECTLY.
# yarn lockfile v1


"@0no-co/graphql.web@^1.0.1", "@0no-co/graphql.web@^1.0.5":
  version "1.0.11"
  resolved "https://registry.yarnpkg.com/@0no-co/graphql.web/-/graphql.web-1.0.11.tgz#035cbc6523af43358b81993f10b13e8d7a79c816"
  integrity sha512-xuSJ9WXwTmtngWkbdEoopMo6F8NLtjy84UNAMsAr5C3/2SgAL/dEU10TMqTIsipqPQ8HA/7WzeqQ9DEQxSvPPA==

"@0no-co/graphqlsp@^1.12.13":
  version "1.12.16"
  resolved "https://registry.yarnpkg.com/@0no-co/graphqlsp/-/graphqlsp-1.12.16.tgz#58fe7bad53b3ad9fdf2d5f41ddeb9b418d289a03"
  integrity sha512-B5pyYVH93Etv7xjT6IfB7QtMBdaaC07yjbhN6v8H7KgFStMkPvi+oWYBTibMFRMY89qwc9H8YixXg8SXDVgYWw==
  dependencies:
    "@gql.tada/internal" "^1.0.0"
    graphql "^15.5.0 || ^16.0.0 || ^17.0.0"

"@gql.tada/cli-utils@1.6.3":
  version "1.6.3"
  resolved "https://registry.yarnpkg.com/@gql.tada/cli-utils/-/cli-utils-1.6.3.tgz#b893cec74908da4df0602691e2e0b1497fda8cda"
  integrity sha512-jFFSY8OxYeBxdKi58UzeMXG1tdm4FVjXa8WHIi66Gzu9JWtCE6mqom3a8xkmSw+mVaybFW5EN2WXf1WztJVNyQ==
  dependencies:
    "@0no-co/graphqlsp" "^1.12.13"
    "@gql.tada/internal" "1.0.8"
    graphql "^15.5.0 || ^16.0.0 || ^17.0.0"

"@gql.tada/internal@1.0.8", "@gql.tada/internal@^1.0.0":
  version "1.0.8"
  resolved "https://registry.yarnpkg.com/@gql.tada/internal/-/internal-1.0.8.tgz#3ba9fa6534809788bbbe103492f70b8e9d754027"
  integrity sha512-XYdxJhtHC5WtZfdDqtKjcQ4d7R1s0d1rnlSs3OcBEUbYiPoJJfZU7tWsVXuv047Z6msvmr4ompJ7eLSK5Km57g==
  dependencies:
    "@0no-co/graphql.web" "^1.0.5"

"@notionhq/client@^2.2.15":
  version "2.2.15"
  resolved "https://registry.yarnpkg.com/@notionhq/client/-/client-2.2.15.tgz#739fc8edb1357a2e2e35d026571fafe17c089606"
  integrity sha512-XhdSY/4B1D34tSco/GION+23GMjaS9S2zszcqYkMHo8RcWInymF6L1x+Gk7EmHdrSxNFva2WM8orhC4BwQCwgw==
  dependencies:
    "@types/node-fetch" "^2.5.10"
    node-fetch "^2.6.1"

"@omnivore-app/api@^1.0.4":
  version "1.0.4"
  resolved "https://registry.yarnpkg.com/@omnivore-app/api/-/api-1.0.4.tgz#1de62d3f1b253c013a1e59c361a2a2a18937ccb1"
  integrity sha512-M3a0we1WryUt7qaBV4fI0CmTJaC7eeJ8TAbF5hVTcrIeIJU9I1Lwfdq/coSx5SIHSf2jxOaCUqn1YRB314euRg==
  dependencies:
    "@urql/core" "^4.3.0"
    gql.tada "^1.3.1"

"@types/node-fetch@^2.5.10":
  version "2.6.12"
  resolved "https://registry.yarnpkg.com/@types/node-fetch/-/node-fetch-2.6.12.tgz#8ab5c3ef8330f13100a7479e2cd56d3386830a03"
  integrity sha512-8nneRWKCg3rMtF69nLQJnOYUcbafYeFSjqkw3jCRLsqkWFlHaoQrr5mXmofFGOx3DKn7UfmBMyov8ySvLRVldA==
  dependencies:
    "@types/node" "*"
    form-data "^4.0.0"

"@types/node@*":
  version "22.10.1"
  resolved "https://registry.yarnpkg.com/@types/node/-/node-22.10.1.tgz#41ffeee127b8975a05f8c4f83fb89bcb2987d766"
  integrity sha512-qKgsUwfHZV2WCWLAnVP1JqnpE6Im6h3Y0+fYgMTasNQ7V++CBX5OT1as0g0f+OyubbFqhf6XVNIsmN4IIhEgGQ==
  dependencies:
    undici-types "~6.20.0"

"@urql/core@^4.3.0":
  version "4.3.0"
  resolved "https://registry.yarnpkg.com/@urql/core/-/core-4.3.0.tgz#5e150412ed08d167861b05ceed417abbd048553f"
  integrity sha512-wT+FeL8DG4x5o6RfHEnONNFVDM3616ouzATMYUClB6CB+iIu2mwfBKd7xSUxYOZmwtxna5/hDRQdMl3nbQZlnw==
  dependencies:
    "@0no-co/graphql.web" "^1.0.1"
    wonka "^6.3.2"

asynckit@^0.4.0:
  version "0.4.0"
  resolved "https://registry.yarnpkg.com/asynckit/-/asynckit-0.4.0.tgz#c79ed97f7f34cb8f2ba1bc9790bcc366474b4b79"
  integrity sha512-Oei9OH4tRh0YqU3GxhX79dM/mwVgvbZJaSNaRk+bshkj0S5cfHcgYakreBjrHwatXKbz+IoIdYLxrKim2MjW0Q==

axios@^1.7.8:
  version "1.7.8"
  resolved "https://registry.yarnpkg.com/axios/-/axios-1.7.8.tgz#1997b1496b394c21953e68c14aaa51b7b5de3d6e"
  integrity sha512-Uu0wb7KNqK2t5K+YQyVCLM76prD5sRFjKHbJYCP1J7JFGEQ6nN7HWn9+04LAeiJ3ji54lgS/gZCH1oxyrf1SPw==
  dependencies:
    follow-redirects "^1.15.6"
    form-data "^4.0.0"
    proxy-from-env "^1.1.0"

combined-stream@^1.0.8:
  version "1.0.8"
  resolved "https://registry.yarnpkg.com/combined-stream/-/combined-stream-1.0.8.tgz#c3d45a8b34fd730631a110a8a2520682b31d5a7f"
  integrity sha512-FQN4MRfuJeHf7cBbBMJFXhKSDq+2kAArBlmRBvcvFE5BB1HZKXtSFASDhdlz9zOYwxh8lDdnvmMOe/+5cdoEdg==
  dependencies:
    delayed-stream "~1.0.0"

delayed-stream@~1.0.0:
  version "1.0.0"
  resolved "https://registry.yarnpkg.com/delayed-stream/-/delayed-stream-1.0.0.tgz#df3ae199acadfb7d440aaae0b29e2272b24ec619"
  integrity sha512-ZySD7Nf91aLB0RxL4KGrKHBXl7Eds1DAmEdcoVawXnLD7SDhpNgtuII2aAkg7a7QS41jxPSZ17p4VdGnMHk3MQ==

dotenv@^16.4.5:
  version "16.4.5"
  resolved "https://registry.yarnpkg.com/dotenv/-/dotenv-16.4.5.tgz#cdd3b3b604cb327e286b4762e13502f717cb099f"
  integrity sha512-ZmdL2rui+eB2YwhsWzjInR8LldtZHGDoQ1ugH85ppHKwpUHL7j7rN0Ti9NCnGiQbhaZ11FpR+7ao1dNsmduNUg==

follow-redirects@^1.15.6:
  version "1.15.9"
  resolved "https://registry.yarnpkg.com/follow-redirects/-/follow-redirects-1.15.9.tgz#a604fa10e443bf98ca94228d9eebcc2e8a2c8ee1"
  integrity sha512-gew4GsXizNgdoRyqmyfMHyAmXsZDk6mHkSxZFCzW9gwlbtOW44CDtYavM+y+72qD/Vq2l550kMF52DT8fOLJqQ==

form-data@^4.0.0:
  version "4.0.1"
  resolved "https://registry.yarnpkg.com/form-data/-/form-data-4.0.1.tgz#ba1076daaaa5bfd7e99c1a6cb02aa0a5cff90d48"
  integrity sha512-tzN8e4TX8+kkxGPK8D5u0FNmjPUjw3lwC9lSLxxoB/+GtsJG91CO8bSWy73APlgAZzZbXEYZJuxjkHH2w+Ezhw==
  dependencies:
    asynckit "^0.4.0"
    combined-stream "^1.0.8"
    mime-types "^2.1.12"

gql.tada@^1.3.1:
  version "1.8.10"
  resolved "https://registry.yarnpkg.com/gql.tada/-/gql.tada-1.8.10.tgz#096a1b30d3c6fc74212fe07d507f01a4095f7f67"
  integrity sha512-FrvSxgz838FYVPgZHGOSgbpOjhR+yq44rCzww3oOPJYi0OvBJjAgCiP6LEokZIYND2fUTXzQAyLgcvgw1yNP5A==
  dependencies:
    "@0no-co/graphql.web" "^1.0.5"
    "@0no-co/graphqlsp" "^1.12.13"
    "@gql.tada/cli-utils" "1.6.3"
    "@gql.tada/internal" "1.0.8"

"graphql@^15.5.0 || ^16.0.0 || ^17.0.0":
  version "16.9.0"
  resolved "https://registry.yarnpkg.com/graphql/-/graphql-16.9.0.tgz#1c310e63f16a49ce1fbb230bd0a000e99f6f115f"
  integrity sha512-GGTKBX4SD7Wdb8mqeDLni2oaRGYQWjWHGKPQ24ZMnUtKfcsVoiv4uX8+LJr1K6U5VW2Lu1BwJnj7uiori0YtRw==

mime-db@1.52.0:
  version "1.52.0"
  resolved "https://registry.yarnpkg.com/mime-db/-/mime-db-1.52.0.tgz#bbabcdc02859f4987301c856e3387ce5ec43bf70"
  integrity sha512-sPU4uV7dYlvtWJxwwxHD0PuihVNiE7TyAbQ5SWxDCB9mUYvOgroQOwYQQOKPJ8CIbE+1ETVlOoK1UC2nU3gYvg==

mime-types@^2.1.12:
  version "2.1.35"
  resolved "https://registry.yarnpkg.com/mime-types/-/mime-types-2.1.35.tgz#381a871b62a734450660ae3deee44813f70d959a"
  integrity sha512-ZDY+bPm5zTTF+YpCrAU9nK0UgICYPT0QtT1NZWFv4s++TNkcgVaT0g6+4R2uI4MjQjzysHB1zxuWL50hzaeXiw==
  dependencies:
    mime-db "1.52.0"

node-fetch@^2.6.1:
  version "2.7.0"
  resolved "https://registry.yarnpkg.com/node-fetch/-/node-fetch-2.7.0.tgz#d0f0fa6e3e2dc1d27efcd8ad99d550bda94d187d"
  integrity sha512-c4FRfUm/dbcWZ7U+1Wq0AwCyFL+3nt2bEw05wfxSz+DWpWsitgmSgYmy2dQdWyKC1694ELPqMs/YzUSNozLt8A==
  dependencies:
    whatwg-url "^5.0.0"

proxy-from-env@^1.1.0:
  version "1.1.0"
  resolved "https://registry.yarnpkg.com/proxy-from-env/-/proxy-from-env-1.1.0.tgz#e102f16ca355424865755d2c9e8ea4f24d58c3e2"
  integrity sha512-D+zkORCbA9f1tdWRK0RaCR3GPv50cMxcrz4X8k5LTSUD1Dkw47mKJEZQNunItRTkWwgtaUSo1RVFRIG9ZXiFYg==

tr46@~0.0.3:
  version "0.0.3"
  resolved "https://registry.yarnpkg.com/tr46/-/tr46-0.0.3.tgz#8184fd347dac9cdc185992f3a6622e14b9d9ab6a"
  integrity sha512-N3WMsuqV66lT30CrXNbEjx4GEwlow3v6rr4mCcv6prnfwhS01rkgyFdjPNBYd9br7LpXV1+Emh01fHnq2Gdgrw==

undici-types@~6.20.0:
  version "6.20.0"
  resolved "https://registry.yarnpkg.com/undici-types/-/undici-types-6.20.0.tgz#8171bf22c1f588d1554d55bf204bc624af388433"
  integrity sha512-Ny6QZ2Nju20vw1SRHe3d9jVu6gJ+4e3+MMpqu7pqE5HT6WsTSlce++GQmK5UXS8mzV8DSYHrQH+Xrf2jVcuKNg==

webidl-conversions@^3.0.0:
  version "3.0.1"
  resolved "https://registry.yarnpkg.com/webidl-conversions/-/webidl-conversions-3.0.1.tgz#24534275e2a7bc6be7bc86611cc16ae0a5654871"
  integrity sha512-2JAn3z8AR6rjK8Sm8orRC0h/bcl/DqL7tRPdGZ4I1CjdF+EaMLmYxBHyXuKL849eucPFhvBoxMsflfOb8kxaeQ==

whatwg-url@^5.0.0:
  version "5.0.0"
  resolved "https://registry.yarnpkg.com/whatwg-url/-/whatwg-url-5.0.0.tgz#966454e8765462e37644d3626f6742ce8b70965d"
  integrity sha512-saE57nupxk6v3HY35+jzBwYa0rKSy0XR8JSxZPwgLr7ys0IBzhGviA1/TUGJLmSVqs8pb9AnvICXEuOHLprYTw==
  dependencies:
    tr46 "~0.0.3"
    webidl-conversions "^3.0.0"

wonka@^6.3.2:
  version "6.3.4"
  resolved "https://registry.yarnpkg.com/wonka/-/wonka-6.3.4.tgz#76eb9316e3d67d7febf4945202b5bdb2db534594"
  integrity sha512-CjpbqNtBGNAeyNS/9W6q3kSkKE52+FjIj7AkFlLr11s/VWGUu6a2CdYSdGxocIhIVjaW/zchesBQUKPVU69Cqg==
